
Microsoft Visual Studio Solution File, Format Version 12.00
Project("{FAE04EC0-301F-11D3-BF4B-00C04F79EFBC}") = "Main", "Main\Main.csproj", "{3F9D8523-5CB3-49E0-9474-2CD48D89E35A}"
EndProject
Project("{FAE04EC0-301F-11D3-BF4B-00C04F79EFBC}") = "UserCollection", "UserCollection\UserCollection.csproj", "{BC4DA362-77CA-4F44-B794-48D6F398BEE6}"
EndProject
Project("{FAE04EC0-301F-11D3-BF4B-00C04F79EFBC}") = "UserCollection_2", "UserCollection_2\UserCollection_2.csproj", "{1E3F69EB-05BD-44A6-85A2-FBD732B89D1D}"
EndProject
Project("{FAE04EC0-301F-11D3-BF4B-00C04F79EFBC}") = "UserCollection_3", "UserCollection_3\UserCollection_3.csproj", "{CF2C963C-5F1A-4625-8EBD-D93F5387F85C}"
EndProject
Project("{FAE04EC0-301F-11D3-BF4B-00C04F79EFBC}") = "ArrayListDemo", "ArrayListDemo\ArrayListDemo.csproj", "{4CDBC64C-0B0E-4D0D-80C1-1C82C69FCDD0}"
EndProject
Project("{FAE04EC0-301F-11D3-BF4B-00C04F79EFBC}") = "ArrayList", "ArrayList\ArrayList.csproj", "{038EEEEE-4F8D-4AE7-8147-AF143C16FD49}"
EndProject
Project("{FAE04EC0-301F-11D3-BF4B-00C04F79EFBC}") = "ArrayListSort", "ArrayListSort\ArrayListSort.csproj", "{060EE922-6385-45AF-BDDD-B7B3E4E45BC1}"
EndProject
Project("{FAE04EC0-301F-11D3-BF4B-00C04F79EFBC}") = "IComparer", "IComparer\IComparer.csproj", "{B8C8C8F4-56A5-4A57-B6EF-170BDE7CBE4C}"
EndProject
Project("{FAE04EC0-301F-11D3-BF4B-00C04F79EFBC}") = "Queue_01", "Queue_01\Queue_01.csproj", "{DCC57024-877A-46AE-814E-0AAFCBC5CBB8}"
EndProject
Project("{FAE04EC0-301F-11D3-BF4B-00C04F79EFBC}") = "Queue_02", "Queue_02\Queue_02.csproj", "{64FE083D-8290-4EBD-919F-73D501EB99DB}"
EndProject
Project("{FAE04EC0-301F-11D3-BF4B-00C04F79EFBC}") = "Stack_01", "Stack_01\Stack_01.csproj", "{5C8DCB23-9F9B-4CE3-AF6A-A4ADC41F4677}"
EndProject
Project("{FAE04EC0-301F-11D3-BF4B-00C04F79EFBC}") = "Stack_02", "Stack_02\Stack_02.csproj", "{232FBFB1-B4C4-4E19-A653-FFC93EEF0DA8}"
EndProject
Project("{FAE04EC0-301F-11D3-BF4B-00C04F79EFBC}") = "Hashtable_01", "Hashtable_01\Hashtable_01.csproj", "{505E0D91-9892-4D72-ABCD-81DDDE7A49CE}"
EndProject
Project("{FAE04EC0-301F-11D3-BF4B-00C04F79EFBC}") = "Hashtable_02", "Hashtable_02\Hashtable_02.csproj", "{58A40C4D-9D75-4828-A4AE-5A1F2102A480}"
EndProject
Project("{FAE04EC0-301F-11D3-BF4B-00C04F79EFBC}") = "Hashtable_03", "Hashtable_03\Hashtable_03.csproj", "{47430D16-AC2E-457D-90AF-C373701843E4}"
EndProject
Project("{FAE04EC0-301F-11D3-BF4B-00C04F79EFBC}") = "Hashtable_04", "Hashtable_04\Hashtable_04.csproj", "{D70AE064-6664-4118-BB0F-911947C140C5}"
EndProject
Project("{FAE04EC0-301F-11D3-BF4B-00C04F79EFBC}") = "Hashtable_05", "Hashtable_05\Hashtable_05.csproj", "{5B2E8DD1-41CA-4F7D-9AB7-25F2FCE08798}"
EndProject
Project("{FAE04EC0-301F-11D3-BF4B-00C04F79EFBC}") = "IEqualityComparer", "IEqualityComparer\IEqualityComparer.csproj", "{465C192A-FFF9-435D-BF35-89E4D46F6466}"
EndProject
Project("{FAE04EC0-301F-11D3-BF4B-00C04F79EFBC}") = "SortedList_01", "SortedList_01\SortedList_01.csproj", "{EB6DF1EA-7082-4BC6-8884-FF1630F696B5}"
EndProject
Project("{FAE04EC0-301F-11D3-BF4B-00C04F79EFBC}") = "SortedList_02", "SortedList_02\SortedList_02.csproj", "{E57229C3-5FC7-47F8-B0C7-556B3421110B}"
EndProject
Project("{FAE04EC0-301F-11D3-BF4B-00C04F79EFBC}") = "ListDictionary", "ListDictionary\ListDictionary.csproj", "{51D5A97F-D72D-43F5-934F-FBC1C0E331E2}"
EndProject
Project("{FAE04EC0-301F-11D3-BF4B-00C04F79EFBC}") = "HybridDictionary", "HybridDictionary\HybridDictionary.csproj", "{2DA0C48B-8389-4F33-998B-CB8A3C2599AE}"
EndProject
Project("{FAE04EC0-301F-11D3-BF4B-00C04F79EFBC}") = "OrderDictionary", "OrderDictionary\OrderDictionary.csproj", "{A78BB4A0-555E-4075-90C2-A857C7A1CF60}"
EndProject
Project("{FAE04EC0-301F-11D3-BF4B-00C04F79EFBC}") = "BitArray", "BitArray\BitArray.csproj", "{283A3735-7532-44BB-8EE3-10FDE9912CB9}"
EndProject
Project("{FAE04EC0-301F-11D3-BF4B-00C04F79EFBC}") = "BitArray_02", "BitArray_02\BitArray_02.csproj", "{64D2E0F3-4B8F-4EE4-BC57-F8EFCC7C1A34}"
EndProject
Project("{FAE04EC0-301F-11D3-BF4B-00C04F79EFBC}") = "BitVector_01", "BitVector_01\BitVector_01.csproj", "{AE4DD38A-3026-47D8-9914-945B1D872C61}"
EndProject
Project("{FAE04EC0-301F-11D3-BF4B-00C04F79EFBC}") = "BitVector_02", "BitVector_02\BitVector_02.csproj", "{89ED68ED-ECD0-4914-AA77-AEECD1569959}"
EndProject
Project("{FAE04EC0-301F-11D3-BF4B-00C04F79EFBC}") = "InputOutput_01", "InputOutput_01\InputOutput_01.csproj", "{E67D80B9-510E-45F8-BA58-8D89F6ED4634}"
EndProject
Project("{FAE04EC0-301F-11D3-BF4B-00C04F79EFBC}") = "InputOutput_02", "InputOutput_02\InputOutput_02.csproj", "{04F9DC10-E36A-4F2E-A7EE-E879EC0F771A}"
EndProject
Project("{FAE04EC0-301F-11D3-BF4B-00C04F79EFBC}") = "InputOutput_03", "InputOutput_03\InputOutput_03.csproj", "{C41D044F-B933-4172-8D99-CD9A3A5B5BC5}"
EndProject
Project("{FAE04EC0-301F-11D3-BF4B-00C04F79EFBC}") = "InputOutput_04", "InputOutput_04\InputOutput_04.csproj", "{52053FEE-25D6-466D-A3E4-D0DE97435BC1}"
EndProject
Project("{FAE04EC0-301F-11D3-BF4B-00C04F79EFBC}") = "InputOutput_05", "InputOutput_05\InputOutput_05.csproj", "{0A8FC5F3-FE36-4397-8A01-28BA7B998194}"
EndProject
Project("{FAE04EC0-301F-11D3-BF4B-00C04F79EFBC}") = "InputOutput_06", "InputOutput_06\InputOutput_06.csproj", "{F401CDBE-1FC9-4C12-8C34-DA69A4D455CF}"
EndProject
Project("{FAE04EC0-301F-11D3-BF4B-00C04F79EFBC}") = "InputOutput_07", "InputOutput_07\InputOutput_07.csproj", "{DFB27691-5F0D-4E3F-918B-7DBF82F5BF3F}"
EndProject
Project("{FAE04EC0-301F-11D3-BF4B-00C04F79EFBC}") = "InputOutput_08", "InputOutput_08\InputOutput_08.csproj", "{65EAE98D-D6DA-4D16-ACB3-20599BE29FB5}"
EndProject
Project("{FAE04EC0-301F-11D3-BF4B-00C04F79EFBC}") = "InputOutput_09", "InputOutput_09\InputOutput_09.csproj", "{4A860E12-2845-4647-BA3D-07AC1C7C49E3}"
EndProject
Project("{FAE04EC0-301F-11D3-BF4B-00C04F79EFBC}") = "InputOutput_10", "InputOutput_10\InputOutput_10.csproj", "{638F0C67-490C-40E1-990D-B75E70F5D321}"
EndProject
Project("{FAE04EC0-301F-11D3-BF4B-00C04F79EFBC}") = "FileInfo_Copy", "FileInfo_Copy\FileInfo_Copy.csproj", "{A97CF598-F7DC-4689-940D-60075F808E48}"
EndProject
Project("{FAE04EC0-301F-11D3-BF4B-00C04F79EFBC}") = "DriveInfo", "DriveInfo\DriveInfo.csproj", "{099FCE30-3955-4CE6-8D77-3978DA59FAB2}"
EndProject
Project("{FAE04EC0-301F-11D3-BF4B-00C04F79EFBC}") = "Path", "Path\Path.csproj", "{87B49AF5-1D91-4FFE-BD09-B30902237E8C}"
EndProject
Project("{FAE04EC0-301F-11D3-BF4B-00C04F79EFBC}") = "FileSystemWatcher_01", "FileSystemWatcher_01\FileSystemWatcher_01.csproj", "{40A0DCF7-CCEA-4A3E-B94B-3929E1E5C658}"
EndProject
Project("{FAE04EC0-301F-11D3-BF4B-00C04F79EFBC}") = "FileSystemWatcher_02", "FileSystemWatcher_02\FileSystemWatcher_02.csproj", "{8A5BD29E-3B49-47E1-9022-7D8216D05142}"
EndProject
Project("{FAE04EC0-301F-11D3-BF4B-00C04F79EFBC}") = "FileSystemWatcher_03", "FileSystemWatcher_03\FileSystemWatcher_03.csproj", "{951534EB-F0AF-4909-B8DA-A817540AF2CA}"
EndProject
Project("{FAE04EC0-301F-11D3-BF4B-00C04F79EFBC}") = "ReadWriteStream", "ReadWriteStream\ReadWriteStream.csproj", "{3DF32536-41D0-4EB8-86B2-8382B3979155}"
EndProject
Project("{FAE04EC0-301F-11D3-BF4B-00C04F79EFBC}") = "StreamReader_01", "StreamReader_01\StreamReader_01.csproj", "{945C15B1-D1D2-478B-8993-311016D03808}"
EndProject
Project("{FAE04EC0-301F-11D3-BF4B-00C04F79EFBC}") = "StreamReader_02", "StreamReader_02\StreamReader_02.csproj", "{3A7A80AE-5CDF-42DA-91DD-C74DC23AE195}"
EndProject
Project("{FAE04EC0-301F-11D3-BF4B-00C04F79EFBC}") = "StreamWriter_03", "StreamWriter_03\StreamWriter_03.csproj", "{CD2F50CE-AA19-478A-A1E1-75E46FB6E3AA}"
EndProject
Project("{FAE04EC0-301F-11D3-BF4B-00C04F79EFBC}") = "StreamReader_04", "StreamReader_04\StreamReader_04.csproj", "{6946DE5A-545A-4D8A-BBDE-E9D449B5819D}"
EndProject
Project("{FAE04EC0-301F-11D3-BF4B-00C04F79EFBC}") = "StringWriter", "StringWriter\StringWriter.csproj", "{EA25DAAD-A730-4E8C-A752-D19D5E6196AE}"
EndProject
Project("{FAE04EC0-301F-11D3-BF4B-00C04F79EFBC}") = "BinaryWriter", "BinaryWriter\BinaryWriter.csproj", "{B611985D-0C19-4197-86AC-996E9A3D57F4}"
EndProject
Project("{FAE04EC0-301F-11D3-BF4B-00C04F79EFBC}") = "BinaryReader", "BinaryReader\BinaryReader.csproj", "{F4F608E2-46B3-4433-9CFA-7F7A50B4CFA0}"
EndProject
Project("{FAE04EC0-301F-11D3-BF4B-00C04F79EFBC}") = "MemoryStream", "MemoryStream\MemoryStream.csproj", "{107A99C4-C020-4472-A340-B7C69E04FAD7}"
EndProject
Project("{FAE04EC0-301F-11D3-BF4B-00C04F79EFBC}") = "BufferedStream", "BufferedStream\BufferedStream.csproj", "{FE149378-9483-4A70-A66F-5BD8A36551F7}"
EndProject
Project("{FAE04EC0-301F-11D3-BF4B-00C04F79EFBC}") = "ZIP_Compression", "ZIP_Compression\ZIP_Compression.csproj", "{D117D19A-999B-4C44-A29F-612D67B11D0F}"
EndProject
Project("{FAE04EC0-301F-11D3-BF4B-00C04F79EFBC}") = "DEFLATE_Compression", "DEFLATE_Compression\DEFLATE_Compression.csproj", "{5B2BA426-1168-4F78-B536-40619B4B66FD}"
EndProject
Project("{FAE04EC0-301F-11D3-BF4B-00C04F79EFBC}") = "ZIP_Decompression", "ZIP_Decompression\ZIP_Decompression.csproj", "{5CECF148-3E12-419C-90C7-5D31177052F1}"
EndProject
Project("{FAE04EC0-301F-11D3-BF4B-00C04F79EFBC}") = "DEFLATE_Decompression", "DEFLATE_Decompression\DEFLATE_Decompression.csproj", "{10C869CB-DAA3-47C0-8E53-563156C2CBAB}"
EndProject
Project("{FAE04EC0-301F-11D3-BF4B-00C04F79EFBC}") = "IsoStorFile", "IsoStorFile\IsoStorFile.csproj", "{4944E2F6-294D-41FA-88EB-4B87BC3BA74A}"
EndProject
Project("{FAE04EC0-301F-11D3-BF4B-00C04F79EFBC}") = "IsoStorFile_02", "IsoStorFile_02\IsoStorFile_02.csproj", "{01F7607A-D1CF-4AD1-9252-D9991D8C4AC5}"
EndProject
Project("{FAE04EC0-301F-11D3-BF4B-00C04F79EFBC}") = "CreateDirectory", "CreateDirectory\CreateDirectory.csproj", "{B0CBE43A-FCC1-4B70-B640-630A1DF29E92}"
EndProject
Global
	GlobalSection(SolutionConfigurationPlatforms) = preSolution
		Debug|Any CPU = Debug|Any CPU
		Release|Any CPU = Release|Any CPU
	EndGlobalSection
	GlobalSection(ProjectConfigurationPlatforms) = postSolution
		{3F9D8523-5CB3-49E0-9474-2CD48D89E35A}.Debug|Any CPU.ActiveCfg = Debug|Any CPU
		{3F9D8523-5CB3-49E0-9474-2CD48D89E35A}.Debug|Any CPU.Build.0 = Debug|Any CPU
		{3F9D8523-5CB3-49E0-9474-2CD48D89E35A}.Release|Any CPU.ActiveCfg = Release|Any CPU
		{3F9D8523-5CB3-49E0-9474-2CD48D89E35A}.Release|Any CPU.Build.0 = Release|Any CPU
		{BC4DA362-77CA-4F44-B794-48D6F398BEE6}.Debug|Any CPU.ActiveCfg = Debug|Any CPU
		{BC4DA362-77CA-4F44-B794-48D6F398BEE6}.Debug|Any CPU.Build.0 = Debug|Any CPU
		{BC4DA362-77CA-4F44-B794-48D6F398BEE6}.Release|Any CPU.ActiveCfg = Release|Any CPU
		{BC4DA362-77CA-4F44-B794-48D6F398BEE6}.Release|Any CPU.Build.0 = Release|Any CPU
		{1E3F69EB-05BD-44A6-85A2-FBD732B89D1D}.Debug|Any CPU.ActiveCfg = Debug|Any CPU
		{1E3F69EB-05BD-44A6-85A2-FBD732B89D1D}.Debug|Any CPU.Build.0 = Debug|Any CPU
		{1E3F69EB-05BD-44A6-85A2-FBD732B89D1D}.Release|Any CPU.ActiveCfg = Release|Any CPU
		{1E3F69EB-05BD-44A6-85A2-FBD732B89D1D}.Release|Any CPU.Build.0 = Release|Any CPU
		{CF2C963C-5F1A-4625-8EBD-D93F5387F85C}.Debug|Any CPU.ActiveCfg = Debug|Any CPU
		{CF2C963C-5F1A-4625-8EBD-D93F5387F85C}.Debug|Any CPU.Build.0 = Debug|Any CPU
		{CF2C963C-5F1A-4625-8EBD-D93F5387F85C}.Release|Any CPU.ActiveCfg = Release|Any CPU
		{CF2C963C-5F1A-4625-8EBD-D93F5387F85C}.Release|Any CPU.Build.0 = Release|Any CPU
		{4CDBC64C-0B0E-4D0D-80C1-1C82C69FCDD0}.Debug|Any CPU.ActiveCfg = Debug|Any CPU
		{4CDBC64C-0B0E-4D0D-80C1-1C82C69FCDD0}.Debug|Any CPU.Build.0 = Debug|Any CPU
		{4CDBC64C-0B0E-4D0D-80C1-1C82C69FCDD0}.Release|Any CPU.ActiveCfg = Release|Any CPU
		{4CDBC64C-0B0E-4D0D-80C1-1C82C69FCDD0}.Release|Any CPU.Build.0 = Release|Any CPU
		{038EEEEE-4F8D-4AE7-8147-AF143C16FD49}.Debug|Any CPU.ActiveCfg = Debug|Any CPU
		{038EEEEE-4F8D-4AE7-8147-AF143C16FD49}.Debug|Any CPU.Build.0 = Debug|Any CPU
		{038EEEEE-4F8D-4AE7-8147-AF143C16FD49}.Release|Any CPU.ActiveCfg = Release|Any CPU
		{038EEEEE-4F8D-4AE7-8147-AF143C16FD49}.Release|Any CPU.Build.0 = Release|Any CPU
		{060EE922-6385-45AF-BDDD-B7B3E4E45BC1}.Debug|Any CPU.ActiveCfg = Debug|Any CPU
		{060EE922-6385-45AF-BDDD-B7B3E4E45BC1}.Debug|Any CPU.Build.0 = Debug|Any CPU
		{060EE922-6385-45AF-BDDD-B7B3E4E45BC1}.Release|Any CPU.ActiveCfg = Release|Any CPU
		{060EE922-6385-45AF-BDDD-B7B3E4E45BC1}.Release|Any CPU.Build.0 = Release|Any CPU
		{B8C8C8F4-56A5-4A57-B6EF-170BDE7CBE4C}.Debug|Any CPU.ActiveCfg = Debug|Any CPU
		{B8C8C8F4-56A5-4A57-B6EF-170BDE7CBE4C}.Debug|Any CPU.Build.0 = Debug|Any CPU
		{B8C8C8F4-56A5-4A57-B6EF-170BDE7CBE4C}.Release|Any CPU.ActiveCfg = Release|Any CPU
		{B8C8C8F4-56A5-4A57-B6EF-170BDE7CBE4C}.Release|Any CPU.Build.0 = Release|Any CPU
		{DCC57024-877A-46AE-814E-0AAFCBC5CBB8}.Debug|Any CPU.ActiveCfg = Debug|Any CPU
		{DCC57024-877A-46AE-814E-0AAFCBC5CBB8}.Debug|Any CPU.Build.0 = Debug|Any CPU
		{DCC57024-877A-46AE-814E-0AAFCBC5CBB8}.Release|Any CPU.ActiveCfg = Release|Any CPU
		{DCC57024-877A-46AE-814E-0AAFCBC5CBB8}.Release|Any CPU.Build.0 = Release|Any CPU
		{64FE083D-8290-4EBD-919F-73D501EB99DB}.Debug|Any CPU.ActiveCfg = Debug|Any CPU
		{64FE083D-8290-4EBD-919F-73D501EB99DB}.Debug|Any CPU.Build.0 = Debug|Any CPU
		{64FE083D-8290-4EBD-919F-73D501EB99DB}.Release|Any CPU.ActiveCfg = Release|Any CPU
		{64FE083D-8290-4EBD-919F-73D501EB99DB}.Release|Any CPU.Build.0 = Release|Any CPU
		{5C8DCB23-9F9B-4CE3-AF6A-A4ADC41F4677}.Debug|Any CPU.ActiveCfg = Debug|Any CPU
		{5C8DCB23-9F9B-4CE3-AF6A-A4ADC41F4677}.Debug|Any CPU.Build.0 = Debug|Any CPU
		{5C8DCB23-9F9B-4CE3-AF6A-A4ADC41F4677}.Release|Any CPU.ActiveCfg = Release|Any CPU
		{5C8DCB23-9F9B-4CE3-AF6A-A4ADC41F4677}.Release|Any CPU.Build.0 = Release|Any CPU
		{232FBFB1-B4C4-4E19-A653-FFC93EEF0DA8}.Debug|Any CPU.ActiveCfg = Debug|Any CPU
		{232FBFB1-B4C4-4E19-A653-FFC93EEF0DA8}.Debug|Any CPU.Build.0 = Debug|Any CPU
		{232FBFB1-B4C4-4E19-A653-FFC93EEF0DA8}.Release|Any CPU.ActiveCfg = Release|Any CPU
		{232FBFB1-B4C4-4E19-A653-FFC93EEF0DA8}.Release|Any CPU.Build.0 = Release|Any CPU
		{505E0D91-9892-4D72-ABCD-81DDDE7A49CE}.Debug|Any CPU.ActiveCfg = Debug|Any CPU
		{505E0D91-9892-4D72-ABCD-81DDDE7A49CE}.Debug|Any CPU.Build.0 = Debug|Any CPU
		{505E0D91-9892-4D72-ABCD-81DDDE7A49CE}.Release|Any CPU.ActiveCfg = Release|Any CPU
		{505E0D91-9892-4D72-ABCD-81DDDE7A49CE}.Release|Any CPU.Build.0 = Release|Any CPU
		{58A40C4D-9D75-4828-A4AE-5A1F2102A480}.Debug|Any CPU.ActiveCfg = Debug|Any CPU
		{58A40C4D-9D75-4828-A4AE-5A1F2102A480}.Debug|Any CPU.Build.0 = Debug|Any CPU
		{58A40C4D-9D75-4828-A4AE-5A1F2102A480}.Release|Any CPU.ActiveCfg = Release|Any CPU
		{58A40C4D-9D75-4828-A4AE-5A1F2102A480}.Release|Any CPU.Build.0 = Release|Any CPU
		{47430D16-AC2E-457D-90AF-C373701843E4}.Debug|Any CPU.ActiveCfg = Debug|Any CPU
		{47430D16-AC2E-457D-90AF-C373701843E4}.Debug|Any CPU.Build.0 = Debug|Any CPU
		{47430D16-AC2E-457D-90AF-C373701843E4}.Release|Any CPU.ActiveCfg = Release|Any CPU
		{47430D16-AC2E-457D-90AF-C373701843E4}.Release|Any CPU.Build.0 = Release|Any CPU
		{D70AE064-6664-4118-BB0F-911947C140C5}.Debug|Any CPU.ActiveCfg = Debug|Any CPU
		{D70AE064-6664-4118-BB0F-911947C140C5}.Debug|Any CPU.Build.0 = Debug|Any CPU
		{D70AE064-6664-4118-BB0F-911947C140C5}.Release|Any CPU.ActiveCfg = Release|Any CPU
		{D70AE064-6664-4118-BB0F-911947C140C5}.Release|Any CPU.Build.0 = Release|Any CPU
		{5B2E8DD1-41CA-4F7D-9AB7-25F2FCE08798}.Debug|Any CPU.ActiveCfg = Debug|Any CPU
		{5B2E8DD1-41CA-4F7D-9AB7-25F2FCE08798}.Debug|Any CPU.Build.0 = Debug|Any CPU
		{5B2E8DD1-41CA-4F7D-9AB7-25F2FCE08798}.Release|Any CPU.ActiveCfg = Release|Any CPU
		{5B2E8DD1-41CA-4F7D-9AB7-25F2FCE08798}.Release|Any CPU.Build.0 = Release|Any CPU
		{465C192A-FFF9-435D-BF35-89E4D46F6466}.Debug|Any CPU.ActiveCfg = Debug|Any CPU
		{465C192A-FFF9-435D-BF35-89E4D46F6466}.Debug|Any CPU.Build.0 = Debug|Any CPU
		{465C192A-FFF9-435D-BF35-89E4D46F6466}.Release|Any CPU.ActiveCfg = Release|Any CPU
		{465C192A-FFF9-435D-BF35-89E4D46F6466}.Release|Any CPU.Build.0 = Release|Any CPU
		{EB6DF1EA-7082-4BC6-8884-FF1630F696B5}.Debug|Any CPU.ActiveCfg = Debug|Any CPU
		{EB6DF1EA-7082-4BC6-8884-FF1630F696B5}.Debug|Any CPU.Build.0 = Debug|Any CPU
		{EB6DF1EA-7082-4BC6-8884-FF1630F696B5}.Release|Any CPU.ActiveCfg = Release|Any CPU
		{EB6DF1EA-7082-4BC6-8884-FF1630F696B5}.Release|Any CPU.Build.0 = Release|Any CPU
		{E57229C3-5FC7-47F8-B0C7-556B3421110B}.Debug|Any CPU.ActiveCfg = Debug|Any CPU
		{E57229C3-5FC7-47F8-B0C7-556B3421110B}.Debug|Any CPU.Build.0 = Debug|Any CPU
		{E57229C3-5FC7-47F8-B0C7-556B3421110B}.Release|Any CPU.ActiveCfg = Release|Any CPU
		{E57229C3-5FC7-47F8-B0C7-556B3421110B}.Release|Any CPU.Build.0 = Release|Any CPU
		{51D5A97F-D72D-43F5-934F-FBC1C0E331E2}.Debug|Any CPU.ActiveCfg = Debug|Any CPU
		{51D5A97F-D72D-43F5-934F-FBC1C0E331E2}.Debug|Any CPU.Build.0 = Debug|Any CPU
		{51D5A97F-D72D-43F5-934F-FBC1C0E331E2}.Release|Any CPU.ActiveCfg = Release|Any CPU
		{51D5A97F-D72D-43F5-934F-FBC1C0E331E2}.Release|Any CPU.Build.0 = Release|Any CPU
		{2DA0C48B-8389-4F33-998B-CB8A3C2599AE}.Debug|Any CPU.ActiveCfg = Debug|Any CPU
		{2DA0C48B-8389-4F33-998B-CB8A3C2599AE}.Debug|Any CPU.Build.0 = Debug|Any CPU
		{2DA0C48B-8389-4F33-998B-CB8A3C2599AE}.Release|Any CPU.ActiveCfg = Release|Any CPU
		{2DA0C48B-8389-4F33-998B-CB8A3C2599AE}.Release|Any CPU.Build.0 = Release|Any CPU
		{A78BB4A0-555E-4075-90C2-A857C7A1CF60}.Debug|Any CPU.ActiveCfg = Debug|Any CPU
		{A78BB4A0-555E-4075-90C2-A857C7A1CF60}.Debug|Any CPU.Build.0 = Debug|Any CPU
		{A78BB4A0-555E-4075-90C2-A857C7A1CF60}.Release|Any CPU.ActiveCfg = Release|Any CPU
		{A78BB4A0-555E-4075-90C2-A857C7A1CF60}.Release|Any CPU.Build.0 = Release|Any CPU
		{283A3735-7532-44BB-8EE3-10FDE9912CB9}.Debug|Any CPU.ActiveCfg = Debug|Any CPU
		{283A3735-7532-44BB-8EE3-10FDE9912CB9}.Debug|Any CPU.Build.0 = Debug|Any CPU
		{283A3735-7532-44BB-8EE3-10FDE9912CB9}.Release|Any CPU.ActiveCfg = Release|Any CPU
		{283A3735-7532-44BB-8EE3-10FDE9912CB9}.Release|Any CPU.Build.0 = Release|Any CPU
		{64D2E0F3-4B8F-4EE4-BC57-F8EFCC7C1A34}.Debug|Any CPU.ActiveCfg = Debug|Any CPU
		{64D2E0F3-4B8F-4EE4-BC57-F8EFCC7C1A34}.Debug|Any CPU.Build.0 = Debug|Any CPU
		{64D2E0F3-4B8F-4EE4-BC57-F8EFCC7C1A34}.Release|Any CPU.ActiveCfg = Release|Any CPU
		{64D2E0F3-4B8F-4EE4-BC57-F8EFCC7C1A34}.Release|Any CPU.Build.0 = Release|Any CPU
		{AE4DD38A-3026-47D8-9914-945B1D872C61}.Debug|Any CPU.ActiveCfg = Debug|Any CPU
		{AE4DD38A-3026-47D8-9914-945B1D872C61}.Debug|Any CPU.Build.0 = Debug|Any CPU
		{AE4DD38A-3026-47D8-9914-945B1D872C61}.Release|Any CPU.ActiveCfg = Release|Any CPU
		{AE4DD38A-3026-47D8-9914-945B1D872C61}.Release|Any CPU.Build.0 = Release|Any CPU
		{89ED68ED-ECD0-4914-AA77-AEECD1569959}.Debug|Any CPU.ActiveCfg = Debug|Any CPU
		{89ED68ED-ECD0-4914-AA77-AEECD1569959}.Debug|Any CPU.Build.0 = Debug|Any CPU
		{89ED68ED-ECD0-4914-AA77-AEECD1569959}.Release|Any CPU.ActiveCfg = Release|Any CPU
		{89ED68ED-ECD0-4914-AA77-AEECD1569959}.Release|Any CPU.Build.0 = Release|Any CPU
		{E67D80B9-510E-45F8-BA58-8D89F6ED4634}.Debug|Any CPU.ActiveCfg = Debug|Any CPU
		{E67D80B9-510E-45F8-BA58-8D89F6ED4634}.Debug|Any CPU.Build.0 = Debug|Any CPU
		{E67D80B9-510E-45F8-BA58-8D89F6ED4634}.Release|Any CPU.ActiveCfg = Release|Any CPU
		{E67D80B9-510E-45F8-BA58-8D89F6ED4634}.Release|Any CPU.Build.0 = Release|Any CPU
		{04F9DC10-E36A-4F2E-A7EE-E879EC0F771A}.Debug|Any CPU.ActiveCfg = Debug|Any CPU
		{04F9DC10-E36A-4F2E-A7EE-E879EC0F771A}.Debug|Any CPU.Build.0 = Debug|Any CPU
		{04F9DC10-E36A-4F2E-A7EE-E879EC0F771A}.Release|Any CPU.ActiveCfg = Release|Any CPU
		{04F9DC10-E36A-4F2E-A7EE-E879EC0F771A}.Release|Any CPU.Build.0 = Release|Any CPU
		{C41D044F-B933-4172-8D99-CD9A3A5B5BC5}.Debug|Any CPU.ActiveCfg = Debug|Any CPU
		{C41D044F-B933-4172-8D99-CD9A3A5B5BC5}.Debug|Any CPU.Build.0 = Debug|Any CPU
		{C41D044F-B933-4172-8D99-CD9A3A5B5BC5}.Release|Any CPU.ActiveCfg = Release|Any CPU
		{C41D044F-B933-4172-8D99-CD9A3A5B5BC5}.Release|Any CPU.Build.0 = Release|Any CPU
		{52053FEE-25D6-466D-A3E4-D0DE97435BC1}.Debug|Any CPU.ActiveCfg = Debug|Any CPU
		{52053FEE-25D6-466D-A3E4-D0DE97435BC1}.Debug|Any CPU.Build.0 = Debug|Any CPU
		{52053FEE-25D6-466D-A3E4-D0DE97435BC1}.Release|Any CPU.ActiveCfg = Release|Any CPU
		{52053FEE-25D6-466D-A3E4-D0DE97435BC1}.Release|Any CPU.Build.0 = Release|Any CPU
		{0A8FC5F3-FE36-4397-8A01-28BA7B998194}.Debug|Any CPU.ActiveCfg = Debug|Any CPU
		{0A8FC5F3-FE36-4397-8A01-28BA7B998194}.Debug|Any CPU.Build.0 = Debug|Any CPU
		{0A8FC5F3-FE36-4397-8A01-28BA7B998194}.Release|Any CPU.ActiveCfg = Release|Any CPU
		{0A8FC5F3-FE36-4397-8A01-28BA7B998194}.Release|Any CPU.Build.0 = Release|Any CPU
		{F401CDBE-1FC9-4C12-8C34-DA69A4D455CF}.Debug|Any CPU.ActiveCfg = Debug|Any CPU
		{F401CDBE-1FC9-4C12-8C34-DA69A4D455CF}.Debug|Any CPU.Build.0 = Debug|Any CPU
		{F401CDBE-1FC9-4C12-8C34-DA69A4D455CF}.Release|Any CPU.ActiveCfg = Release|Any CPU
		{F401CDBE-1FC9-4C12-8C34-DA69A4D455CF}.Release|Any CPU.Build.0 = Release|Any CPU
		{DFB27691-5F0D-4E3F-918B-7DBF82F5BF3F}.Debug|Any CPU.ActiveCfg = Debug|Any CPU
		{DFB27691-5F0D-4E3F-918B-7DBF82F5BF3F}.Debug|Any CPU.Build.0 = Debug|Any CPU
		{DFB27691-5F0D-4E3F-918B-7DBF82F5BF3F}.Release|Any CPU.ActiveCfg = Release|Any CPU
		{DFB27691-5F0D-4E3F-918B-7DBF82F5BF3F}.Release|Any CPU.Build.0 = Release|Any CPU
		{65EAE98D-D6DA-4D16-ACB3-20599BE29FB5}.Debug|Any CPU.ActiveCfg = Debug|Any CPU
		{65EAE98D-D6DA-4D16-ACB3-20599BE29FB5}.Debug|Any CPU.Build.0 = Debug|Any CPU
		{65EAE98D-D6DA-4D16-ACB3-20599BE29FB5}.Release|Any CPU.ActiveCfg = Release|Any CPU
		{65EAE98D-D6DA-4D16-ACB3-20599BE29FB5}.Release|Any CPU.Build.0 = Release|Any CPU
		{4A860E12-2845-4647-BA3D-07AC1C7C49E3}.Debug|Any CPU.ActiveCfg = Debug|Any CPU
		{4A860E12-2845-4647-BA3D-07AC1C7C49E3}.Debug|Any CPU.Build.0 = Debug|Any CPU
		{4A860E12-2845-4647-BA3D-07AC1C7C49E3}.Release|Any CPU.ActiveCfg = Release|Any CPU
		{4A860E12-2845-4647-BA3D-07AC1C7C49E3}.Release|Any CPU.Build.0 = Release|Any CPU
		{638F0C67-490C-40E1-990D-B75E70F5D321}.Debug|Any CPU.ActiveCfg = Debug|Any CPU
		{638F0C67-490C-40E1-990D-B75E70F5D321}.Debug|Any CPU.Build.0 = Debug|Any CPU
		{638F0C67-490C-40E1-990D-B75E70F5D321}.Release|Any CPU.ActiveCfg = Release|Any CPU
		{638F0C67-490C-40E1-990D-B75E70F5D321}.Release|Any CPU.Build.0 = Release|Any CPU
		{A97CF598-F7DC-4689-940D-60075F808E48}.Debug|Any CPU.ActiveCfg = Debug|Any CPU
		{A97CF598-F7DC-4689-940D-60075F808E48}.Debug|Any CPU.Build.0 = Debug|Any CPU
		{A97CF598-F7DC-4689-940D-60075F808E48}.Release|Any CPU.ActiveCfg = Release|Any CPU
		{A97CF598-F7DC-4689-940D-60075F808E48}.Release|Any CPU.Build.0 = Release|Any CPU
		{099FCE30-3955-4CE6-8D77-3978DA59FAB2}.Debug|Any CPU.ActiveCfg = Debug|Any CPU
		{099FCE30-3955-4CE6-8D77-3978DA59FAB2}.Debug|Any CPU.Build.0 = Debug|Any CPU
		{099FCE30-3955-4CE6-8D77-3978DA59FAB2}.Release|Any CPU.ActiveCfg = Release|Any CPU
		{099FCE30-3955-4CE6-8D77-3978DA59FAB2}.Release|Any CPU.Build.0 = Release|Any CPU
		{87B49AF5-1D91-4FFE-BD09-B30902237E8C}.Debug|Any CPU.ActiveCfg = Debug|Any CPU
		{87B49AF5-1D91-4FFE-BD09-B30902237E8C}.Debug|Any CPU.Build.0 = Debug|Any CPU
		{87B49AF5-1D91-4FFE-BD09-B30902237E8C}.Release|Any CPU.ActiveCfg = Release|Any CPU
		{87B49AF5-1D91-4FFE-BD09-B30902237E8C}.Release|Any CPU.Build.0 = Release|Any CPU
		{40A0DCF7-CCEA-4A3E-B94B-3929E1E5C658}.Debug|Any CPU.ActiveCfg = Debug|Any CPU
		{40A0DCF7-CCEA-4A3E-B94B-3929E1E5C658}.Debug|Any CPU.Build.0 = Debug|Any CPU
		{40A0DCF7-CCEA-4A3E-B94B-3929E1E5C658}.Release|Any CPU.ActiveCfg = Release|Any CPU
		{40A0DCF7-CCEA-4A3E-B94B-3929E1E5C658}.Release|Any CPU.Build.0 = Release|Any CPU
		{8A5BD29E-3B49-47E1-9022-7D8216D05142}.Debug|Any CPU.ActiveCfg = Debug|Any CPU
		{8A5BD29E-3B49-47E1-9022-7D8216D05142}.Debug|Any CPU.Build.0 = Debug|Any CPU
		{8A5BD29E-3B49-47E1-9022-7D8216D05142}.Release|Any CPU.ActiveCfg = Release|Any CPU
		{8A5BD29E-3B49-47E1-9022-7D8216D05142}.Release|Any CPU.Build.0 = Release|Any CPU
		{951534EB-F0AF-4909-B8DA-A817540AF2CA}.Debug|Any CPU.ActiveCfg = Debug|Any CPU
		{951534EB-F0AF-4909-B8DA-A817540AF2CA}.Debug|Any CPU.Build.0 = Debug|Any CPU
		{951534EB-F0AF-4909-B8DA-A817540AF2CA}.Release|Any CPU.ActiveCfg = Release|Any CPU
		{951534EB-F0AF-4909-B8DA-A817540AF2CA}.Release|Any CPU.Build.0 = Release|Any CPU
		{3DF32536-41D0-4EB8-86B2-8382B3979155}.Debug|Any CPU.ActiveCfg = Debug|Any CPU
		{3DF32536-41D0-4EB8-86B2-8382B3979155}.Debug|Any CPU.Build.0 = Debug|Any CPU
		{3DF32536-41D0-4EB8-86B2-8382B3979155}.Release|Any CPU.ActiveCfg = Release|Any CPU
		{3DF32536-41D0-4EB8-86B2-8382B3979155}.Release|Any CPU.Build.0 = Release|Any CPU
		{945C15B1-D1D2-478B-8993-311016D03808}.Debug|Any CPU.ActiveCfg = Debug|Any CPU
		{945C15B1-D1D2-478B-8993-311016D03808}.Debug|Any CPU.Build.0 = Debug|Any CPU
		{945C15B1-D1D2-478B-8993-311016D03808}.Release|Any CPU.ActiveCfg = Release|Any CPU
		{945C15B1-D1D2-478B-8993-311016D03808}.Release|Any CPU.Build.0 = Release|Any CPU
		{3A7A80AE-5CDF-42DA-91DD-C74DC23AE195}.Debug|Any CPU.ActiveCfg = Debug|Any CPU
		{3A7A80AE-5CDF-42DA-91DD-C74DC23AE195}.Debug|Any CPU.Build.0 = Debug|Any CPU
		{3A7A80AE-5CDF-42DA-91DD-C74DC23AE195}.Release|Any CPU.ActiveCfg = Release|Any CPU
		{3A7A80AE-5CDF-42DA-91DD-C74DC23AE195}.Release|Any CPU.Build.0 = Release|Any CPU
		{CD2F50CE-AA19-478A-A1E1-75E46FB6E3AA}.Debug|Any CPU.ActiveCfg = Debug|Any CPU
		{CD2F50CE-AA19-478A-A1E1-75E46FB6E3AA}.Debug|Any CPU.Build.0 = Debug|Any CPU
		{CD2F50CE-AA19-478A-A1E1-75E46FB6E3AA}.Release|Any CPU.ActiveCfg = Release|Any CPU
		{CD2F50CE-AA19-478A-A1E1-75E46FB6E3AA}.Release|Any CPU.Build.0 = Release|Any CPU
		{6946DE5A-545A-4D8A-BBDE-E9D449B5819D}.Debug|Any CPU.ActiveCfg = Debug|Any CPU
		{6946DE5A-545A-4D8A-BBDE-E9D449B5819D}.Debug|Any CPU.Build.0 = Debug|Any CPU
		{6946DE5A-545A-4D8A-BBDE-E9D449B5819D}.Release|Any CPU.ActiveCfg = Release|Any CPU
		{6946DE5A-545A-4D8A-BBDE-E9D449B5819D}.Release|Any CPU.Build.0 = Release|Any CPU
		{EA25DAAD-A730-4E8C-A752-D19D5E6196AE}.Debug|Any CPU.ActiveCfg = Debug|Any CPU
		{EA25DAAD-A730-4E8C-A752-D19D5E6196AE}.Debug|Any CPU.Build.0 = Debug|Any CPU
		{EA25DAAD-A730-4E8C-A752-D19D5E6196AE}.Release|Any CPU.ActiveCfg = Release|Any CPU
		{EA25DAAD-A730-4E8C-A752-D19D5E6196AE}.Release|Any CPU.Build.0 = Release|Any CPU
		{B611985D-0C19-4197-86AC-996E9A3D57F4}.Debug|Any CPU.ActiveCfg = Debug|Any CPU
		{B611985D-0C19-4197-86AC-996E9A3D57F4}.Debug|Any CPU.Build.0 = Debug|Any CPU
		{B611985D-0C19-4197-86AC-996E9A3D57F4}.Release|Any CPU.ActiveCfg = Release|Any CPU
		{B611985D-0C19-4197-86AC-996E9A3D57F4}.Release|Any CPU.Build.0 = Release|Any CPU
		{F4F608E2-46B3-4433-9CFA-7F7A50B4CFA0}.Debug|Any CPU.ActiveCfg = Debug|Any CPU
		{F4F608E2-46B3-4433-9CFA-7F7A50B4CFA0}.Debug|Any CPU.Build.0 = Debug|Any CPU
		{F4F608E2-46B3-4433-9CFA-7F7A50B4CFA0}.Release|Any CPU.ActiveCfg = Release|Any CPU
		{F4F608E2-46B3-4433-9CFA-7F7A50B4CFA0}.Release|Any CPU.Build.0 = Release|Any CPU
		{107A99C4-C020-4472-A340-B7C69E04FAD7}.Debug|Any CPU.ActiveCfg = Debug|Any CPU
		{107A99C4-C020-4472-A340-B7C69E04FAD7}.Debug|Any CPU.Build.0 = Debug|Any CPU
		{107A99C4-C020-4472-A340-B7C69E04FAD7}.Release|Any CPU.ActiveCfg = Release|Any CPU
		{107A99C4-C020-4472-A340-B7C69E04FAD7}.Release|Any CPU.Build.0 = Release|Any CPU
		{FE149378-9483-4A70-A66F-5BD8A36551F7}.Debug|Any CPU.ActiveCfg = Debug|Any CPU
		{FE149378-9483-4A70-A66F-5BD8A36551F7}.Debug|Any CPU.Build.0 = Debug|Any CPU
		{FE149378-9483-4A70-A66F-5BD8A36551F7}.Release|Any CPU.ActiveCfg = Release|Any CPU
		{FE149378-9483-4A70-A66F-5BD8A36551F7}.Release|Any CPU.Build.0 = Release|Any CPU
		{D117D19A-999B-4C44-A29F-612D67B11D0F}.Debug|Any CPU.ActiveCfg = Debug|Any CPU
		{D117D19A-999B-4C44-A29F-612D67B11D0F}.Debug|Any CPU.Build.0 = Debug|Any CPU
		{D117D19A-999B-4C44-A29F-612D67B11D0F}.Release|Any CPU.ActiveCfg = Release|Any CPU
		{D117D19A-999B-4C44-A29F-612D67B11D0F}.Release|Any CPU.Build.0 = Release|Any CPU
		{5B2BA426-1168-4F78-B536-40619B4B66FD}.Debug|Any CPU.ActiveCfg = Debug|Any CPU
		{5B2BA426-1168-4F78-B536-40619B4B66FD}.Debug|Any CPU.Build.0 = Debug|Any CPU
		{5B2BA426-1168-4F78-B536-40619B4B66FD}.Release|Any CPU.ActiveCfg = Release|Any CPU
		{5B2BA426-1168-4F78-B536-40619B4B66FD}.Release|Any CPU.Build.0 = Release|Any CPU
		{5CECF148-3E12-419C-90C7-5D31177052F1}.Debug|Any CPU.ActiveCfg = Debug|Any CPU
		{5CECF148-3E12-419C-90C7-5D31177052F1}.Debug|Any CPU.Build.0 = Debug|Any CPU
		{5CECF148-3E12-419C-90C7-5D31177052F1}.Release|Any CPU.ActiveCfg = Release|Any CPU
		{5CECF148-3E12-419C-90C7-5D31177052F1}.Release|Any CPU.Build.0 = Release|Any CPU
		{10C869CB-DAA3-47C0-8E53-563156C2CBAB}.Debug|Any CPU.ActiveCfg = Debug|Any CPU
		{10C869CB-DAA3-47C0-8E53-563156C2CBAB}.Debug|Any CPU.Build.0 = Debug|Any CPU
		{10C869CB-DAA3-47C0-8E53-563156C2CBAB}.Release|Any CPU.ActiveCfg = Release|Any CPU
		{10C869CB-DAA3-47C0-8E53-563156C2CBAB}.Release|Any CPU.Build.0 = Release|Any CPU
		{4944E2F6-294D-41FA-88EB-4B87BC3BA74A}.Debug|Any CPU.ActiveCfg = Debug|Any CPU
		{4944E2F6-294D-41FA-88EB-4B87BC3BA74A}.Debug|Any CPU.Build.0 = Debug|Any CPU
		{4944E2F6-294D-41FA-88EB-4B87BC3BA74A}.Release|Any CPU.ActiveCfg = Release|Any CPU
		{4944E2F6-294D-41FA-88EB-4B87BC3BA74A}.Release|Any CPU.Build.0 = Release|Any CPU
		{01F7607A-D1CF-4AD1-9252-D9991D8C4AC5}.Debug|Any CPU.ActiveCfg = Debug|Any CPU
		{01F7607A-D1CF-4AD1-9252-D9991D8C4AC5}.Debug|Any CPU.Build.0 = Debug|Any CPU
		{01F7607A-D1CF-4AD1-9252-D9991D8C4AC5}.Release|Any CPU.ActiveCfg = Release|Any CPU
		{01F7607A-D1CF-4AD1-9252-D9991D8C4AC5}.Release|Any CPU.Build.0 = Release|Any CPU
		{B0CBE43A-FCC1-4B70-B640-630A1DF29E92}.Debug|Any CPU.ActiveCfg = Debug|Any CPU
		{B0CBE43A-FCC1-4B70-B640-630A1DF29E92}.Debug|Any CPU.Build.0 = Debug|Any CPU
		{B0CBE43A-FCC1-4B70-B640-630A1DF29E92}.Release|Any CPU.ActiveCfg = Release|Any CPU
		{B0CBE43A-FCC1-4B70-B640-630A1DF29E92}.Release|Any CPU.Build.0 = Release|Any CPU
	EndGlobalSection
EndGlobal
