
Microsoft Visual Studio Solution File, Format Version 12.00
Project("{FAE04EC0-301F-11D3-BF4B-00C04F79EFBC}") = "Main", "Main\Main.csproj", "{3F9D8523-5CB3-49E0-9474-2CD48D89E35A}"
EndProject
Project("{FAE04EC0-301F-11D3-BF4B-00C04F79EFBC}") = "UserCollection", "UserCollection\UserCollection.csproj", "{BC4DA362-77CA-4F44-B794-48D6F398BEE6}"
EndProject
Project("{FAE04EC0-301F-11D3-BF4B-00C04F79EFBC}") = "UserCollection_2", "UserCollection_2\UserCollection_2.csproj", "{1E3F69EB-05BD-44A6-85A2-FBD732B89D1D}"
EndProject
Project("{FAE04EC0-301F-11D3-BF4B-00C04F79EFBC}") = "UserCollection_3", "UserCollection_3\UserCollection_3.csproj", "{CF2C963C-5F1A-4625-8EBD-D93F5387F85C}"
EndProject
Project("{FAE04EC0-301F-11D3-BF4B-00C04F79EFBC}") = "ArrayListDemo", "ArrayListDemo\ArrayListDemo.csproj", "{4CDBC64C-0B0E-4D0D-80C1-1C82C69FCDD0}"
EndProject
Project("{FAE04EC0-301F-11D3-BF4B-00C04F79EFBC}") = "ArrayList", "ArrayList\ArrayList.csproj", "{038EEEEE-4F8D-4AE7-8147-AF143C16FD49}"
EndProject
Project("{FAE04EC0-301F-11D3-BF4B-00C04F79EFBC}") = "ArrayListSort", "ArrayListSort\ArrayListSort.csproj", "{060EE922-6385-45AF-BDDD-B7B3E4E45BC1}"
EndProject
Project("{FAE04EC0-301F-11D3-BF4B-00C04F79EFBC}") = "IComparer", "IComparer\IComparer.csproj", "{B8C8C8F4-56A5-4A57-B6EF-170BDE7CBE4C}"
EndProject
Project("{FAE04EC0-301F-11D3-BF4B-00C04F79EFBC}") = "Queue_01", "Queue_01\Queue_01.csproj", "{DCC57024-877A-46AE-814E-0AAFCBC5CBB8}"
EndProject
Project("{FAE04EC0-301F-11D3-BF4B-00C04F79EFBC}") = "Queue_02", "Queue_02\Queue_02.csproj", "{64FE083D-8290-4EBD-919F-73D501EB99DB}"
EndProject
Project("{FAE04EC0-301F-11D3-BF4B-00C04F79EFBC}") = "Stack_01", "Stack_01\Stack_01.csproj", "{5C8DCB23-9F9B-4CE3-AF6A-A4ADC41F4677}"
EndProject
Project("{FAE04EC0-301F-11D3-BF4B-00C04F79EFBC}") = "Stack_02", "Stack_02\Stack_02.csproj", "{232FBFB1-B4C4-4E19-A653-FFC93EEF0DA8}"
EndProject
Global
	GlobalSection(SolutionConfigurationPlatforms) = preSolution
		Debug|Any CPU = Debug|Any CPU
		Release|Any CPU = Release|Any CPU
	EndGlobalSection
	GlobalSection(ProjectConfigurationPlatforms) = postSolution
		{3F9D8523-5CB3-49E0-9474-2CD48D89E35A}.Debug|Any CPU.ActiveCfg = Debug|Any CPU
		{3F9D8523-5CB3-49E0-9474-2CD48D89E35A}.Debug|Any CPU.Build.0 = Debug|Any CPU
		{3F9D8523-5CB3-49E0-9474-2CD48D89E35A}.Release|Any CPU.ActiveCfg = Release|Any CPU
		{3F9D8523-5CB3-49E0-9474-2CD48D89E35A}.Release|Any CPU.Build.0 = Release|Any CPU
		{BC4DA362-77CA-4F44-B794-48D6F398BEE6}.Debug|Any CPU.ActiveCfg = Debug|Any CPU
		{BC4DA362-77CA-4F44-B794-48D6F398BEE6}.Debug|Any CPU.Build.0 = Debug|Any CPU
		{BC4DA362-77CA-4F44-B794-48D6F398BEE6}.Release|Any CPU.ActiveCfg = Release|Any CPU
		{BC4DA362-77CA-4F44-B794-48D6F398BEE6}.Release|Any CPU.Build.0 = Release|Any CPU
		{1E3F69EB-05BD-44A6-85A2-FBD732B89D1D}.Debug|Any CPU.ActiveCfg = Debug|Any CPU
		{1E3F69EB-05BD-44A6-85A2-FBD732B89D1D}.Debug|Any CPU.Build.0 = Debug|Any CPU
		{1E3F69EB-05BD-44A6-85A2-FBD732B89D1D}.Release|Any CPU.ActiveCfg = Release|Any CPU
		{1E3F69EB-05BD-44A6-85A2-FBD732B89D1D}.Release|Any CPU.Build.0 = Release|Any CPU
		{CF2C963C-5F1A-4625-8EBD-D93F5387F85C}.Debug|Any CPU.ActiveCfg = Debug|Any CPU
		{CF2C963C-5F1A-4625-8EBD-D93F5387F85C}.Debug|Any CPU.Build.0 = Debug|Any CPU
		{CF2C963C-5F1A-4625-8EBD-D93F5387F85C}.Release|Any CPU.ActiveCfg = Release|Any CPU
		{CF2C963C-5F1A-4625-8EBD-D93F5387F85C}.Release|Any CPU.Build.0 = Release|Any CPU
		{4CDBC64C-0B0E-4D0D-80C1-1C82C69FCDD0}.Debug|Any CPU.ActiveCfg = Debug|Any CPU
		{4CDBC64C-0B0E-4D0D-80C1-1C82C69FCDD0}.Debug|Any CPU.Build.0 = Debug|Any CPU
		{4CDBC64C-0B0E-4D0D-80C1-1C82C69FCDD0}.Release|Any CPU.ActiveCfg = Release|Any CPU
		{4CDBC64C-0B0E-4D0D-80C1-1C82C69FCDD0}.Release|Any CPU.Build.0 = Release|Any CPU
		{038EEEEE-4F8D-4AE7-8147-AF143C16FD49}.Debug|Any CPU.ActiveCfg = Debug|Any CPU
		{038EEEEE-4F8D-4AE7-8147-AF143C16FD49}.Debug|Any CPU.Build.0 = Debug|Any CPU
		{038EEEEE-4F8D-4AE7-8147-AF143C16FD49}.Release|Any CPU.ActiveCfg = Release|Any CPU
		{038EEEEE-4F8D-4AE7-8147-AF143C16FD49}.Release|Any CPU.Build.0 = Release|Any CPU
		{060EE922-6385-45AF-BDDD-B7B3E4E45BC1}.Debug|Any CPU.ActiveCfg = Debug|Any CPU
		{060EE922-6385-45AF-BDDD-B7B3E4E45BC1}.Debug|Any CPU.Build.0 = Debug|Any CPU
		{060EE922-6385-45AF-BDDD-B7B3E4E45BC1}.Release|Any CPU.ActiveCfg = Release|Any CPU
		{060EE922-6385-45AF-BDDD-B7B3E4E45BC1}.Release|Any CPU.Build.0 = Release|Any CPU
		{B8C8C8F4-56A5-4A57-B6EF-170BDE7CBE4C}.Debug|Any CPU.ActiveCfg = Debug|Any CPU
		{B8C8C8F4-56A5-4A57-B6EF-170BDE7CBE4C}.Debug|Any CPU.Build.0 = Debug|Any CPU
		{B8C8C8F4-56A5-4A57-B6EF-170BDE7CBE4C}.Release|Any CPU.ActiveCfg = Release|Any CPU
		{B8C8C8F4-56A5-4A57-B6EF-170BDE7CBE4C}.Release|Any CPU.Build.0 = Release|Any CPU
		{DCC57024-877A-46AE-814E-0AAFCBC5CBB8}.Debug|Any CPU.ActiveCfg = Debug|Any CPU
		{DCC57024-877A-46AE-814E-0AAFCBC5CBB8}.Debug|Any CPU.Build.0 = Debug|Any CPU
		{DCC57024-877A-46AE-814E-0AAFCBC5CBB8}.Release|Any CPU.ActiveCfg = Release|Any CPU
		{DCC57024-877A-46AE-814E-0AAFCBC5CBB8}.Release|Any CPU.Build.0 = Release|Any CPU
		{64FE083D-8290-4EBD-919F-73D501EB99DB}.Debug|Any CPU.ActiveCfg = Debug|Any CPU
		{64FE083D-8290-4EBD-919F-73D501EB99DB}.Debug|Any CPU.Build.0 = Debug|Any CPU
		{64FE083D-8290-4EBD-919F-73D501EB99DB}.Release|Any CPU.ActiveCfg = Release|Any CPU
		{64FE083D-8290-4EBD-919F-73D501EB99DB}.Release|Any CPU.Build.0 = Release|Any CPU
		{5C8DCB23-9F9B-4CE3-AF6A-A4ADC41F4677}.Debug|Any CPU.ActiveCfg = Debug|Any CPU
		{5C8DCB23-9F9B-4CE3-AF6A-A4ADC41F4677}.Debug|Any CPU.Build.0 = Debug|Any CPU
		{5C8DCB23-9F9B-4CE3-AF6A-A4ADC41F4677}.Release|Any CPU.ActiveCfg = Release|Any CPU
		{5C8DCB23-9F9B-4CE3-AF6A-A4ADC41F4677}.Release|Any CPU.Build.0 = Release|Any CPU
		{232FBFB1-B4C4-4E19-A653-FFC93EEF0DA8}.Debug|Any CPU.ActiveCfg = Debug|Any CPU
		{232FBFB1-B4C4-4E19-A653-FFC93EEF0DA8}.Debug|Any CPU.Build.0 = Debug|Any CPU
		{232FBFB1-B4C4-4E19-A653-FFC93EEF0DA8}.Release|Any CPU.ActiveCfg = Release|Any CPU
		{232FBFB1-B4C4-4E19-A653-FFC93EEF0DA8}.Release|Any CPU.Build.0 = Release|Any CPU
	EndGlobalSection
EndGlobal
