
Microsoft Visual Studio Solution File, Format Version 12.00
Project("{FAE04EC0-301F-11D3-BF4B-00C04F79EFBC}") = "Main", "Main\Main.csproj", "{3F9D8523-5CB3-49E0-9474-2CD48D89E35A}"
EndProject
Project("{FAE04EC0-301F-11D3-BF4B-00C04F79EFBC}") = "UserCollection", "UserCollection\UserCollection.csproj", "{BC4DA362-77CA-4F44-B794-48D6F398BEE6}"
EndProject
Project("{FAE04EC0-301F-11D3-BF4B-00C04F79EFBC}") = "UserCollection_2", "UserCollection_2\UserCollection_2.csproj", "{1E3F69EB-05BD-44A6-85A2-FBD732B89D1D}"
EndProject
Project("{FAE04EC0-301F-11D3-BF4B-00C04F79EFBC}") = "UserCollection_3", "UserCollection_3\UserCollection_3.csproj", "{CF2C963C-5F1A-4625-8EBD-D93F5387F85C}"
EndProject
Project("{FAE04EC0-301F-11D3-BF4B-00C04F79EFBC}") = "ArrayListDemo", "ArrayListDemo\ArrayListDemo.csproj", "{4CDBC64C-0B0E-4D0D-80C1-1C82C69FCDD0}"
EndProject
Project("{FAE04EC0-301F-11D3-BF4B-00C04F79EFBC}") = "ArrayList", "ArrayList\ArrayList.csproj", "{038EEEEE-4F8D-4AE7-8147-AF143C16FD49}"
EndProject
Project("{FAE04EC0-301F-11D3-BF4B-00C04F79EFBC}") = "ArrayListSort", "ArrayListSort\ArrayListSort.csproj", "{060EE922-6385-45AF-BDDD-B7B3E4E45BC1}"
EndProject
Project("{FAE04EC0-301F-11D3-BF4B-00C04F79EFBC}") = "IComparer", "IComparer\IComparer.csproj", "{B8C8C8F4-56A5-4A57-B6EF-170BDE7CBE4C}"
EndProject
Project("{FAE04EC0-301F-11D3-BF4B-00C04F79EFBC}") = "Queue_01", "Queue_01\Queue_01.csproj", "{DCC57024-877A-46AE-814E-0AAFCBC5CBB8}"
EndProject
Project("{FAE04EC0-301F-11D3-BF4B-00C04F79EFBC}") = "Queue_02", "Queue_02\Queue_02.csproj", "{64FE083D-8290-4EBD-919F-73D501EB99DB}"
EndProject
Project("{FAE04EC0-301F-11D3-BF4B-00C04F79EFBC}") = "Stack_01", "Stack_01\Stack_01.csproj", "{5C8DCB23-9F9B-4CE3-AF6A-A4ADC41F4677}"
EndProject
Project("{FAE04EC0-301F-11D3-BF4B-00C04F79EFBC}") = "Stack_02", "Stack_02\Stack_02.csproj", "{232FBFB1-B4C4-4E19-A653-FFC93EEF0DA8}"
EndProject
Project("{FAE04EC0-301F-11D3-BF4B-00C04F79EFBC}") = "Hashtable_01", "Hashtable_01\Hashtable_01.csproj", "{505E0D91-9892-4D72-ABCD-81DDDE7A49CE}"
EndProject
Project("{FAE04EC0-301F-11D3-BF4B-00C04F79EFBC}") = "Hashtable_02", "Hashtable_02\Hashtable_02.csproj", "{58A40C4D-9D75-4828-A4AE-5A1F2102A480}"
EndProject
Project("{FAE04EC0-301F-11D3-BF4B-00C04F79EFBC}") = "Hashtable_03", "Hashtable_03\Hashtable_03.csproj", "{47430D16-AC2E-457D-90AF-C373701843E4}"
EndProject
Project("{FAE04EC0-301F-11D3-BF4B-00C04F79EFBC}") = "Hashtable_04", "Hashtable_04\Hashtable_04.csproj", "{D70AE064-6664-4118-BB0F-911947C140C5}"
EndProject
Project("{FAE04EC0-301F-11D3-BF4B-00C04F79EFBC}") = "Hashtable_05", "Hashtable_05\Hashtable_05.csproj", "{5B2E8DD1-41CA-4F7D-9AB7-25F2FCE08798}"
EndProject
Project("{FAE04EC0-301F-11D3-BF4B-00C04F79EFBC}") = "IEqualityComparer", "IEqualityComparer\IEqualityComparer.csproj", "{465C192A-FFF9-435D-BF35-89E4D46F6466}"
EndProject
Project("{FAE04EC0-301F-11D3-BF4B-00C04F79EFBC}") = "SortedList_01", "SortedList_01\SortedList_01.csproj", "{EB6DF1EA-7082-4BC6-8884-FF1630F696B5}"
EndProject
Project("{FAE04EC0-301F-11D3-BF4B-00C04F79EFBC}") = "SortedList_02", "SortedList_02\SortedList_02.csproj", "{E57229C3-5FC7-47F8-B0C7-556B3421110B}"
EndProject
Project("{FAE04EC0-301F-11D3-BF4B-00C04F79EFBC}") = "ListDictionary", "ListDictionary\ListDictionary.csproj", "{51D5A97F-D72D-43F5-934F-FBC1C0E331E2}"
EndProject
Project("{FAE04EC0-301F-11D3-BF4B-00C04F79EFBC}") = "HybridDictionary", "HybridDictionary\HybridDictionary.csproj", "{2DA0C48B-8389-4F33-998B-CB8A3C2599AE}"
EndProject
Project("{FAE04EC0-301F-11D3-BF4B-00C04F79EFBC}") = "OrderDictionary", "OrderDictionary\OrderDictionary.csproj", "{A78BB4A0-555E-4075-90C2-A857C7A1CF60}"
EndProject
Project("{FAE04EC0-301F-11D3-BF4B-00C04F79EFBC}") = "BitArray", "BitArray\BitArray.csproj", "{283A3735-7532-44BB-8EE3-10FDE9912CB9}"
EndProject
Project("{FAE04EC0-301F-11D3-BF4B-00C04F79EFBC}") = "BitArray_02", "BitArray_02\BitArray_02.csproj", "{64D2E0F3-4B8F-4EE4-BC57-F8EFCC7C1A34}"
EndProject
Project("{FAE04EC0-301F-11D3-BF4B-00C04F79EFBC}") = "BitVector_01", "BitVector_01\BitVector_01.csproj", "{AE4DD38A-3026-47D8-9914-945B1D872C61}"
EndProject
Project("{FAE04EC0-301F-11D3-BF4B-00C04F79EFBC}") = "BitVector_02", "BitVector_02\BitVector_02.csproj", "{89ED68ED-ECD0-4914-AA77-AEECD1569959}"
EndProject
Global
	GlobalSection(SolutionConfigurationPlatforms) = preSolution
		Debug|Any CPU = Debug|Any CPU
		Release|Any CPU = Release|Any CPU
	EndGlobalSection
	GlobalSection(ProjectConfigurationPlatforms) = postSolution
		{3F9D8523-5CB3-49E0-9474-2CD48D89E35A}.Debug|Any CPU.ActiveCfg = Debug|Any CPU
		{3F9D8523-5CB3-49E0-9474-2CD48D89E35A}.Debug|Any CPU.Build.0 = Debug|Any CPU
		{3F9D8523-5CB3-49E0-9474-2CD48D89E35A}.Release|Any CPU.ActiveCfg = Release|Any CPU
		{3F9D8523-5CB3-49E0-9474-2CD48D89E35A}.Release|Any CPU.Build.0 = Release|Any CPU
		{BC4DA362-77CA-4F44-B794-48D6F398BEE6}.Debug|Any CPU.ActiveCfg = Debug|Any CPU
		{BC4DA362-77CA-4F44-B794-48D6F398BEE6}.Debug|Any CPU.Build.0 = Debug|Any CPU
		{BC4DA362-77CA-4F44-B794-48D6F398BEE6}.Release|Any CPU.ActiveCfg = Release|Any CPU
		{BC4DA362-77CA-4F44-B794-48D6F398BEE6}.Release|Any CPU.Build.0 = Release|Any CPU
		{1E3F69EB-05BD-44A6-85A2-FBD732B89D1D}.Debug|Any CPU.ActiveCfg = Debug|Any CPU
		{1E3F69EB-05BD-44A6-85A2-FBD732B89D1D}.Debug|Any CPU.Build.0 = Debug|Any CPU
		{1E3F69EB-05BD-44A6-85A2-FBD732B89D1D}.Release|Any CPU.ActiveCfg = Release|Any CPU
		{1E3F69EB-05BD-44A6-85A2-FBD732B89D1D}.Release|Any CPU.Build.0 = Release|Any CPU
		{CF2C963C-5F1A-4625-8EBD-D93F5387F85C}.Debug|Any CPU.ActiveCfg = Debug|Any CPU
		{CF2C963C-5F1A-4625-8EBD-D93F5387F85C}.Debug|Any CPU.Build.0 = Debug|Any CPU
		{CF2C963C-5F1A-4625-8EBD-D93F5387F85C}.Release|Any CPU.ActiveCfg = Release|Any CPU
		{CF2C963C-5F1A-4625-8EBD-D93F5387F85C}.Release|Any CPU.Build.0 = Release|Any CPU
		{4CDBC64C-0B0E-4D0D-80C1-1C82C69FCDD0}.Debug|Any CPU.ActiveCfg = Debug|Any CPU
		{4CDBC64C-0B0E-4D0D-80C1-1C82C69FCDD0}.Debug|Any CPU.Build.0 = Debug|Any CPU
		{4CDBC64C-0B0E-4D0D-80C1-1C82C69FCDD0}.Release|Any CPU.ActiveCfg = Release|Any CPU
		{4CDBC64C-0B0E-4D0D-80C1-1C82C69FCDD0}.Release|Any CPU.Build.0 = Release|Any CPU
		{038EEEEE-4F8D-4AE7-8147-AF143C16FD49}.Debug|Any CPU.ActiveCfg = Debug|Any CPU
		{038EEEEE-4F8D-4AE7-8147-AF143C16FD49}.Debug|Any CPU.Build.0 = Debug|Any CPU
		{038EEEEE-4F8D-4AE7-8147-AF143C16FD49}.Release|Any CPU.ActiveCfg = Release|Any CPU
		{038EEEEE-4F8D-4AE7-8147-AF143C16FD49}.Release|Any CPU.Build.0 = Release|Any CPU
		{060EE922-6385-45AF-BDDD-B7B3E4E45BC1}.Debug|Any CPU.ActiveCfg = Debug|Any CPU
		{060EE922-6385-45AF-BDDD-B7B3E4E45BC1}.Debug|Any CPU.Build.0 = Debug|Any CPU
		{060EE922-6385-45AF-BDDD-B7B3E4E45BC1}.Release|Any CPU.ActiveCfg = Release|Any CPU
		{060EE922-6385-45AF-BDDD-B7B3E4E45BC1}.Release|Any CPU.Build.0 = Release|Any CPU
		{B8C8C8F4-56A5-4A57-B6EF-170BDE7CBE4C}.Debug|Any CPU.ActiveCfg = Debug|Any CPU
		{B8C8C8F4-56A5-4A57-B6EF-170BDE7CBE4C}.Debug|Any CPU.Build.0 = Debug|Any CPU
		{B8C8C8F4-56A5-4A57-B6EF-170BDE7CBE4C}.Release|Any CPU.ActiveCfg = Release|Any CPU
		{B8C8C8F4-56A5-4A57-B6EF-170BDE7CBE4C}.Release|Any CPU.Build.0 = Release|Any CPU
		{DCC57024-877A-46AE-814E-0AAFCBC5CBB8}.Debug|Any CPU.ActiveCfg = Debug|Any CPU
		{DCC57024-877A-46AE-814E-0AAFCBC5CBB8}.Debug|Any CPU.Build.0 = Debug|Any CPU
		{DCC57024-877A-46AE-814E-0AAFCBC5CBB8}.Release|Any CPU.ActiveCfg = Release|Any CPU
		{DCC57024-877A-46AE-814E-0AAFCBC5CBB8}.Release|Any CPU.Build.0 = Release|Any CPU
		{64FE083D-8290-4EBD-919F-73D501EB99DB}.Debug|Any CPU.ActiveCfg = Debug|Any CPU
		{64FE083D-8290-4EBD-919F-73D501EB99DB}.Debug|Any CPU.Build.0 = Debug|Any CPU
		{64FE083D-8290-4EBD-919F-73D501EB99DB}.Release|Any CPU.ActiveCfg = Release|Any CPU
		{64FE083D-8290-4EBD-919F-73D501EB99DB}.Release|Any CPU.Build.0 = Release|Any CPU
		{5C8DCB23-9F9B-4CE3-AF6A-A4ADC41F4677}.Debug|Any CPU.ActiveCfg = Debug|Any CPU
		{5C8DCB23-9F9B-4CE3-AF6A-A4ADC41F4677}.Debug|Any CPU.Build.0 = Debug|Any CPU
		{5C8DCB23-9F9B-4CE3-AF6A-A4ADC41F4677}.Release|Any CPU.ActiveCfg = Release|Any CPU
		{5C8DCB23-9F9B-4CE3-AF6A-A4ADC41F4677}.Release|Any CPU.Build.0 = Release|Any CPU
		{232FBFB1-B4C4-4E19-A653-FFC93EEF0DA8}.Debug|Any CPU.ActiveCfg = Debug|Any CPU
		{232FBFB1-B4C4-4E19-A653-FFC93EEF0DA8}.Debug|Any CPU.Build.0 = Debug|Any CPU
		{232FBFB1-B4C4-4E19-A653-FFC93EEF0DA8}.Release|Any CPU.ActiveCfg = Release|Any CPU
		{232FBFB1-B4C4-4E19-A653-FFC93EEF0DA8}.Release|Any CPU.Build.0 = Release|Any CPU
		{505E0D91-9892-4D72-ABCD-81DDDE7A49CE}.Debug|Any CPU.ActiveCfg = Debug|Any CPU
		{505E0D91-9892-4D72-ABCD-81DDDE7A49CE}.Debug|Any CPU.Build.0 = Debug|Any CPU
		{505E0D91-9892-4D72-ABCD-81DDDE7A49CE}.Release|Any CPU.ActiveCfg = Release|Any CPU
		{505E0D91-9892-4D72-ABCD-81DDDE7A49CE}.Release|Any CPU.Build.0 = Release|Any CPU
		{58A40C4D-9D75-4828-A4AE-5A1F2102A480}.Debug|Any CPU.ActiveCfg = Debug|Any CPU
		{58A40C4D-9D75-4828-A4AE-5A1F2102A480}.Debug|Any CPU.Build.0 = Debug|Any CPU
		{58A40C4D-9D75-4828-A4AE-5A1F2102A480}.Release|Any CPU.ActiveCfg = Release|Any CPU
		{58A40C4D-9D75-4828-A4AE-5A1F2102A480}.Release|Any CPU.Build.0 = Release|Any CPU
		{47430D16-AC2E-457D-90AF-C373701843E4}.Debug|Any CPU.ActiveCfg = Debug|Any CPU
		{47430D16-AC2E-457D-90AF-C373701843E4}.Debug|Any CPU.Build.0 = Debug|Any CPU
		{47430D16-AC2E-457D-90AF-C373701843E4}.Release|Any CPU.ActiveCfg = Release|Any CPU
		{47430D16-AC2E-457D-90AF-C373701843E4}.Release|Any CPU.Build.0 = Release|Any CPU
		{D70AE064-6664-4118-BB0F-911947C140C5}.Debug|Any CPU.ActiveCfg = Debug|Any CPU
		{D70AE064-6664-4118-BB0F-911947C140C5}.Debug|Any CPU.Build.0 = Debug|Any CPU
		{D70AE064-6664-4118-BB0F-911947C140C5}.Release|Any CPU.ActiveCfg = Release|Any CPU
		{D70AE064-6664-4118-BB0F-911947C140C5}.Release|Any CPU.Build.0 = Release|Any CPU
		{5B2E8DD1-41CA-4F7D-9AB7-25F2FCE08798}.Debug|Any CPU.ActiveCfg = Debug|Any CPU
		{5B2E8DD1-41CA-4F7D-9AB7-25F2FCE08798}.Debug|Any CPU.Build.0 = Debug|Any CPU
		{5B2E8DD1-41CA-4F7D-9AB7-25F2FCE08798}.Release|Any CPU.ActiveCfg = Release|Any CPU
		{5B2E8DD1-41CA-4F7D-9AB7-25F2FCE08798}.Release|Any CPU.Build.0 = Release|Any CPU
		{465C192A-FFF9-435D-BF35-89E4D46F6466}.Debug|Any CPU.ActiveCfg = Debug|Any CPU
		{465C192A-FFF9-435D-BF35-89E4D46F6466}.Debug|Any CPU.Build.0 = Debug|Any CPU
		{465C192A-FFF9-435D-BF35-89E4D46F6466}.Release|Any CPU.ActiveCfg = Release|Any CPU
		{465C192A-FFF9-435D-BF35-89E4D46F6466}.Release|Any CPU.Build.0 = Release|Any CPU
		{EB6DF1EA-7082-4BC6-8884-FF1630F696B5}.Debug|Any CPU.ActiveCfg = Debug|Any CPU
		{EB6DF1EA-7082-4BC6-8884-FF1630F696B5}.Debug|Any CPU.Build.0 = Debug|Any CPU
		{EB6DF1EA-7082-4BC6-8884-FF1630F696B5}.Release|Any CPU.ActiveCfg = Release|Any CPU
		{EB6DF1EA-7082-4BC6-8884-FF1630F696B5}.Release|Any CPU.Build.0 = Release|Any CPU
		{E57229C3-5FC7-47F8-B0C7-556B3421110B}.Debug|Any CPU.ActiveCfg = Debug|Any CPU
		{E57229C3-5FC7-47F8-B0C7-556B3421110B}.Debug|Any CPU.Build.0 = Debug|Any CPU
		{E57229C3-5FC7-47F8-B0C7-556B3421110B}.Release|Any CPU.ActiveCfg = Release|Any CPU
		{E57229C3-5FC7-47F8-B0C7-556B3421110B}.Release|Any CPU.Build.0 = Release|Any CPU
		{51D5A97F-D72D-43F5-934F-FBC1C0E331E2}.Debug|Any CPU.ActiveCfg = Debug|Any CPU
		{51D5A97F-D72D-43F5-934F-FBC1C0E331E2}.Debug|Any CPU.Build.0 = Debug|Any CPU
		{51D5A97F-D72D-43F5-934F-FBC1C0E331E2}.Release|Any CPU.ActiveCfg = Release|Any CPU
		{51D5A97F-D72D-43F5-934F-FBC1C0E331E2}.Release|Any CPU.Build.0 = Release|Any CPU
		{2DA0C48B-8389-4F33-998B-CB8A3C2599AE}.Debug|Any CPU.ActiveCfg = Debug|Any CPU
		{2DA0C48B-8389-4F33-998B-CB8A3C2599AE}.Debug|Any CPU.Build.0 = Debug|Any CPU
		{2DA0C48B-8389-4F33-998B-CB8A3C2599AE}.Release|Any CPU.ActiveCfg = Release|Any CPU
		{2DA0C48B-8389-4F33-998B-CB8A3C2599AE}.Release|Any CPU.Build.0 = Release|Any CPU
		{A78BB4A0-555E-4075-90C2-A857C7A1CF60}.Debug|Any CPU.ActiveCfg = Debug|Any CPU
		{A78BB4A0-555E-4075-90C2-A857C7A1CF60}.Debug|Any CPU.Build.0 = Debug|Any CPU
		{A78BB4A0-555E-4075-90C2-A857C7A1CF60}.Release|Any CPU.ActiveCfg = Release|Any CPU
		{A78BB4A0-555E-4075-90C2-A857C7A1CF60}.Release|Any CPU.Build.0 = Release|Any CPU
		{283A3735-7532-44BB-8EE3-10FDE9912CB9}.Debug|Any CPU.ActiveCfg = Debug|Any CPU
		{283A3735-7532-44BB-8EE3-10FDE9912CB9}.Debug|Any CPU.Build.0 = Debug|Any CPU
		{283A3735-7532-44BB-8EE3-10FDE9912CB9}.Release|Any CPU.ActiveCfg = Release|Any CPU
		{283A3735-7532-44BB-8EE3-10FDE9912CB9}.Release|Any CPU.Build.0 = Release|Any CPU
		{64D2E0F3-4B8F-4EE4-BC57-F8EFCC7C1A34}.Debug|Any CPU.ActiveCfg = Debug|Any CPU
		{64D2E0F3-4B8F-4EE4-BC57-F8EFCC7C1A34}.Debug|Any CPU.Build.0 = Debug|Any CPU
		{64D2E0F3-4B8F-4EE4-BC57-F8EFCC7C1A34}.Release|Any CPU.ActiveCfg = Release|Any CPU
		{64D2E0F3-4B8F-4EE4-BC57-F8EFCC7C1A34}.Release|Any CPU.Build.0 = Release|Any CPU
		{AE4DD38A-3026-47D8-9914-945B1D872C61}.Debug|Any CPU.ActiveCfg = Debug|Any CPU
		{AE4DD38A-3026-47D8-9914-945B1D872C61}.Debug|Any CPU.Build.0 = Debug|Any CPU
		{AE4DD38A-3026-47D8-9914-945B1D872C61}.Release|Any CPU.ActiveCfg = Release|Any CPU
		{AE4DD38A-3026-47D8-9914-945B1D872C61}.Release|Any CPU.Build.0 = Release|Any CPU
		{89ED68ED-ECD0-4914-AA77-AEECD1569959}.Debug|Any CPU.ActiveCfg = Debug|Any CPU
		{89ED68ED-ECD0-4914-AA77-AEECD1569959}.Debug|Any CPU.Build.0 = Debug|Any CPU
		{89ED68ED-ECD0-4914-AA77-AEECD1569959}.Release|Any CPU.ActiveCfg = Release|Any CPU
		{89ED68ED-ECD0-4914-AA77-AEECD1569959}.Release|Any CPU.Build.0 = Release|Any CPU
	EndGlobalSection
EndGlobal
